Microsoft Visual Studio Solution File, Format Version 12.00
# Visual Studio Version 17
VisualStudioVersion = 17.5.2.0
MinimumVisualStudioVersion = 10.0.40219.1
Project("{FAE04EC0-301F-11D3-BF4B-00C04F79EFBC}") = "vvsa-backend", "vvsa-backend.csproj", "{715CD40C-6A9C-AAC7-0D04-732A4350A2B3}"
EndProject
Global
	GlobalSection(SolutionConfigurationPlatforms) = preSolution
		Debug|Any CPU = Debug|Any CPU
		Release|Any CPU = Release|Any CPU
	EndGlobalSection
	GlobalSection(ProjectConfigurationPlatforms) = postSolution
		{715CD40C-6A9C-AAC7-0D04-732A4350A2B3}.Debug|Any CPU.ActiveCfg = Debug|Any CPU
		{715CD40C-6A9C-AAC7-0D04-732A4350A2B3}.Debug|Any CPU.Build.0 = Debug|Any CPU
		{715CD40C-6A9C-AAC7-0D04-732A4350A2B3}.Release|Any CPU.ActiveCfg = Release|Any CPU
		{715CD40C-6A9C-AAC7-0D04-732A4350A2B3}.Release|Any CPU.Build.0 = Release|Any CPU
	EndGlobalSection
	GlobalSection(SolutionProperties) = preSolution
		HideSolutionNode = FALSE
	EndGlobalSection
	GlobalSection(ExtensibilityGlobals) = postSolution
		SolutionGuid = {431F8581-F09F-4722-BB2A-AAE0A6C7C164}
	EndGlobalSection
EndGlobal
